
Microsoft Visual Studio Solution File, Format Version 12.00
# Visual Studio Version 16
VisualStudioVersion = 16.0.30413.136
MinimumVisualStudioVersion = 10.0.40219.1
Project("{FAE04EC0-301F-11D3-BF4B-00C04F79EFBC}") = "VS2019-GitDemo3-JKrachenfels", "VS2019-GitDemo3-JKrachenfels.csproj", "{F6B641E4-BE66-471A-B6AA-CFF1A1D3BC0D}"
EndProject
Global
	GlobalSection(SolutionConfigurationPlatforms) = preSolution
		Debug|Any CPU = Debug|Any CPU
		Release|Any CPU = Release|Any CPU
	EndGlobalSection
	GlobalSection(ProjectConfigurationPlatforms) = postSolution
		{F6B641E4-BE66-471A-B6AA-CFF1A1D3BC0D}.Debug|Any CPU.ActiveCfg = Debug|Any CPU
		{F6B641E4-BE66-471A-B6AA-CFF1A1D3BC0D}.Debug|Any CPU.Build.0 = Debug|Any CPU
		{F6B641E4-BE66-471A-B6AA-CFF1A1D3BC0D}.Release|Any CPU.ActiveCfg = Release|Any CPU
		{F6B641E4-BE66-471A-B6AA-CFF1A1D3BC0D}.Release|Any CPU.Build.0 = Release|Any CPU
	EndGlobalSection
	GlobalSection(SolutionProperties) = preSolution
		HideSolutionNode = FALSE
	EndGlobalSection
	GlobalSection(ExtensibilityGlobals) = postSolution
		SolutionGuid = {A0261276-6F8C-48C4-A111-4E35BE5311E4}
	EndGlobalSection
EndGlobal
